
Microsoft Visual Studio Solution File, Format Version 12.00
# Visual Studio 15
VisualStudioVersion = 15.0.27703.2035
MinimumVisualStudioVersion = 10.0.40219.1
Project("{FAE04EC0-301F-11D3-BF4B-00C04F79EFBC}") = "Poc_DXWebMvcMaterPageLogin", "Poc_DXWebMvcMaterPageLogin\Poc_DXWebMvcMaterPageLogin.csproj", "{6B30CBED-9CFD-422E-8ED8-1026A82C29A5}"
EndProject
Project("{FAE04EC0-301F-11D3-BF4B-00C04F79EFBC}") = "Poc_DXWebMvcMaterPageLoginTest", "Poc_DXWebMvcMaterPageLoginTest\Poc_DXWebMvcMaterPageLoginTest.csproj", "{FFDEE5A5-9FA9-407D-9F5E-D5D8DD903E16}"
EndProject
Global
	GlobalSection(SolutionConfigurationPlatforms) = preSolution
		Debug|Any CPU = Debug|Any CPU
		Release|Any CPU = Release|Any CPU
	EndGlobalSection
	GlobalSection(ProjectConfigurationPlatforms) = postSolution
		{6B30CBED-9CFD-422E-8ED8-1026A82C29A5}.Debug|Any CPU.ActiveCfg = Debug|Any CPU
		{6B30CBED-9CFD-422E-8ED8-1026A82C29A5}.Debug|Any CPU.Build.0 = Debug|Any CPU
		{6B30CBED-9CFD-422E-8ED8-1026A82C29A5}.Release|Any CPU.ActiveCfg = Release|Any CPU
		{6B30CBED-9CFD-422E-8ED8-1026A82C29A5}.Release|Any CPU.Build.0 = Release|Any CPU
		{FFDEE5A5-9FA9-407D-9F5E-D5D8DD903E16}.Debug|Any CPU.ActiveCfg = Debug|Any CPU
		{FFDEE5A5-9FA9-407D-9F5E-D5D8DD903E16}.Debug|Any CPU.Build.0 = Debug|Any CPU
		{FFDEE5A5-9FA9-407D-9F5E-D5D8DD903E16}.Release|Any CPU.ActiveCfg = Release|Any CPU
		{FFDEE5A5-9FA9-407D-9F5E-D5D8DD903E16}.Release|Any CPU.Build.0 = Release|Any CPU
	EndGlobalSection
	GlobalSection(SolutionProperties) = preSolution
		HideSolutionNode = FALSE
	EndGlobalSection
	GlobalSection(ExtensibilityGlobals) = postSolution
		SolutionGuid = {C86C9560-693F-49D5-8A68-603CEAF5DF84}
	EndGlobalSection
EndGlobal
